# @generated by Move, please check-in and do not edit manually.

[move]
version = 3
manifest_digest = "EECC49D465F0AFFE51A4A9B37AEC3BF96B953BEE9611F08622AD1E257FFB754F"
deps_digest = "F8BBB0CCB2491CA29A3DF03D6F92277A4F3574266507ACD77214D37ECA3F3082"
dependencies = [
  { name = "Sui" },
]

[[move.package]]
name = "MoveStdlib"
source = { git = "https://github.com/MystenLabs/sui.git", rev = "framework/testnet", subdir = "crates/sui-framework/packages/move-stdlib" }

[[move.package]]
name = "Sui"
source = { git = "https://github.com/MystenLabs/sui.git", rev = "framework/testnet", subdir = "crates/sui-framework/packages/sui-framework" }

dependencies = [
  { name = "MoveStdlib" },
]

[move.toolchain-version]
compiler-version = "1.33.2"
edition = "2024.beta"
flavor = "sui"

[env]

[env.devnet]
chain-id = "3f2108a2"
original-published-id = "0x1fc866f447e1befbc1f64f6b0a41dba46e14826b66c89b8c1ee99dbf8f77b879"
latest-published-id = "0x1fc866f447e1befbc1f64f6b0a41dba46e14826b66c89b8c1ee99dbf8f77b879"
published-version = "1"
